# This file is automatically @generated by Poetry 1.8.5 and should not be changed by hand.

[[package]]
name = "cffi"
version = "1.17.1"
description = "Foreign Function Interface for Python calling C code."
optional = false
python-versions = ">=3.8"
files = [
    {file = "cffi-1.17.1-cp310-cp310-macosx_10_9_x86_64.whl", hash = "sha256:df8b1c11f177bc2313ec4b2d46baec87a5f3e71fc8b45dab2ee7cae86d9aba14"},
    {file = "cffi-1.17.1-cp310-cp310-macosx_11_0_arm64.whl", hash = "sha256:8f2cdc858323644ab277e9bb925ad72ae0e67f69e804f4898c070998d50b1a67"},
    {file = "cffi-1.17.1-cp310-cp310-manylinux_2_12_i686.manylinux2010_i686.manylinux_2_17_i686.manylinux2014_i686.whl", hash = "sha256:edae79245293e15384b51f88b00613ba9f7198016a5948b5dddf4917d4d26382"},
    {file = "cffi-1.17.1-cp310-cp310-manylinux_2_17_aarch64.manylinux2014_aarch64.whl", hash = "sha256:45398b671ac6d70e67da8e4224a065cec6a93541bb7aebe1b198a61b58c7b702"},
    {file = "cffi-1.17.1-cp310-cp310-manylinux_2_17_ppc64le.manylinux2014_ppc64le.whl", hash = "sha256:ad9413ccdeda48c5afdae7e4fa2192157e991ff761e7ab8fdd8926f40b160cc3"},
    {file = "cffi-1.17.1-cp310-cp310-manylinux_2_17_s390x.manylinux2014_s390x.whl", hash = "sha256:5da5719280082ac6bd9aa7becb3938dc9f9cbd57fac7d2871717b1feb0902ab6"},
    {file = "cffi-1.17.1-cp310-cp310-manylinux_2_17_x86_64.manylinux2014_x86_64.whl", hash = "sha256:2bb1a08b8008b281856e5971307cc386a8e9c5b625ac297e853d36da6efe9c17"},
    {file = "cffi-1.17.1-cp310-cp310-musllinux_1_1_aarch64.whl", hash = "sha256:045d61c734659cc045141be4bae381a41d89b741f795af1dd018bfb532fd0df8"},
    {file = "cffi-1.17.1-cp310-cp310-musllinux_1_1_i686.whl", hash = "sha256:6883e737d7d9e4899a8a695e00ec36bd4e5e4f18fabe0aca0efe0a4b44cdb13e"},
    {file = "cffi-1.17.1-cp310-cp310-musllinux_1_1_x86_64.whl", hash = "sha256:6b8b4a92e1c65048ff98cfe1f735ef8f1ceb72e3d5f0c25fdb12087a23da22be"},
    {file = "cffi-1.17.1-cp310-cp310-win32.whl", hash = "sha256:c9c3d058ebabb74db66e431095118094d06abf53284d9c81f27300d0e0d8bc7c"},
    {file = "cffi-1.17.1-cp310-cp310-win_amd64.whl", hash = "sha256:0f048dcf80db46f0098ccac01132761580d28e28bc0f78ae0d58048063317e15"},
    {file = "cffi-1.17.1-cp311-cp311-macosx_10_9_x86_64.whl", hash = "sha256:a45e3c6913c5b87b3ff120dcdc03f6131fa0065027d0ed7ee6190736a74cd401"},
    {file = "cffi-1.17.1-cp311-cp311-macosx_11_0_arm64.whl", hash = "sha256:30c5e0cb5ae493c04c8b42916e52ca38079f1b235c2f8ae5f4527b963c401caf"},
    {file = "cffi-1.17.1-cp311-cp311-manylinux_2_12_i686.manylinux2010_i686.manylinux_2_17_i686.manylinux2014_i686.whl", hash = "sha256:f75c7ab1f9e4aca5414ed4d8e5c0e303a34f4421f8a0d47a4d019ceff0ab6af4"},
    {file = "cffi-1.17.1-cp311-cp311-manylinux_2_17_aarch64.manylinux2014_aarch64.whl", hash = "sha256:a1ed2dd2972641495a3ec98445e09766f077aee98a1c896dcb4ad0d303628e41"},
    {file = "cffi-1.17.1-cp311-cp311-manylinux_2_17_ppc64le.manylinux2014_ppc64le.whl", hash = "sha256:46bf43160c1a35f7ec506d254e5c890f3c03648a4dbac12d624e4490a7046cd1"},
    {file = "cffi-1.17.1-cp311-cp311-manylinux_2_17_s390x.manylinux2014_s390x.whl", hash = "sha256:a24ed04c8ffd54b0729c07cee15a81d964e6fee0e3d4d342a27b020d22959dc6"},
    {file = "cffi-1.17.1-cp311-cp311-manylinux_2_17_x86_64.manylinux2014_x86_64.whl", hash = "sha256:610faea79c43e44c71e1ec53a554553fa22321b65fae24889706c0a84d4ad86d"},
    {file = "cffi-1.17.1-cp311-cp311-musllinux_1_1_aarch64.whl", hash = "sha256:a9b15d491f3ad5d692e11f6b71f7857e7835eb677955c00cc0aefcd0669adaf6"},
    {file = "cffi-1.17.1-cp311-cp311-musllinux_1_1_i686.whl", hash = "sha256:de2ea4b5833625383e464549fec1bc395c1bdeeb5f25c4a3a82b5a8c756ec22f"},
    {file = "cffi-1.17.1-cp311-cp311-musllinux_1_1_x86_64.whl", hash = "sha256:fc48c783f9c87e60831201f2cce7f3b2e4846bf4d8728eabe54d60700b318a0b"},
    {file = "cffi-1.17.1-cp311-cp311-win32.whl", hash = "sha256:85a950a4ac9c359340d5963966e3e0a94a676bd6245a4b55bc43949eee26a655"},
    {file = "cffi-1.17.1-cp311-cp311-win_amd64.whl", hash = "sha256:caaf0640ef5f5517f49bc275eca1406b0ffa6aa184892812030f04c2abf589a0"},
    {file = "cffi-1.17.1-cp312-cp312-macosx_10_9_x86_64.whl", hash = "sha256:805b4371bf7197c329fcb3ead37e710d1bca9da5d583f5073b799d5c5bd1eee4"},
    {file = "cffi-1.17.1-cp312-cp312-macosx_11_0_arm64.whl", hash = "sha256:733e99bc2df47476e3848417c5a4540522f234dfd4ef3ab7fafdf555b082ec0c"},
    {file = "cffi-1.17.1-cp312-cp312-manylinux_2_12_i686.manylinux2010_i686.manylinux_2_17_i686.manylinux2014_i686.whl", hash = "sha256:1257bdabf294dceb59f5e70c64a3e2f462c30c7ad68092d01bbbfb1c16b1ba36"},
    {file = "cffi-1.17.1-cp312-cp312-manylinux_2_17_aarch64.manylinux2014_aarch64.whl", hash = "sha256:da95af8214998d77a98cc14e3a3bd00aa191526343078b530ceb0bd710fb48a5"},
    {file = "cffi-1.17.1-cp312-cp312-manylinux_2_17_ppc64le.manylinux2014_ppc64le.whl", hash = "sha256:d63afe322132c194cf832bfec0dc69a99fb9bb6bbd550f161a49e9e855cc78ff"},
    {file = "cffi-1.17.1-cp312-cp312-manylinux_2_17_s390x.manylinux2014_s390x.whl", hash = "sha256:f79fc4fc25f1c8698ff97788206bb3c2598949bfe0fef03d299eb1b5356ada99"},
    {file = "cffi-1.17.1-cp312-cp312-manylinux_2_17_x86_64.manylinux2014_x86_64.whl", hash = "sha256:b62ce867176a75d03a665bad002af8e6d54644fad99a3c70905c543130e39d93"},
    {file = "cffi-1.17.1-cp312-cp312-musllinux_1_1_aarch64.whl", hash = "sha256:386c8bf53c502fff58903061338ce4f4950cbdcb23e2902d86c0f722b786bbe3"},
    {file = "cffi-1.17.1-cp312-cp312-musllinux_1_1_x86_64.whl", hash = "sha256:4ceb10419a9adf4460ea14cfd6bc43d08701f0835e979bf821052f1805850fe8"},
    {file = "cffi-1.17.1-cp312-cp312-win32.whl", hash = "sha256:a08d7e755f8ed21095a310a693525137cfe756ce62d066e53f502a83dc550f65"},
    {file = "cffi-1.17.1-cp312-cp312-win_amd64.whl", hash = "sha256:51392eae71afec0d0c8fb1a53b204dbb3bcabcb3c9b807eedf3e1e6ccf2de903"},
    {file = "cffi-1.17.1-cp313-cp313-macosx_10_13_x86_64.whl", hash = "sha256:f3a2b4222ce6b60e2e8b337bb9596923045681d71e5a082783484d845390938e"},
    {file = "cffi-1.17.1-cp313-cp313-macosx_11_0_arm64.whl", hash = "sha256:0984a4925a435b1da406122d4d7968dd861c1385afe3b45ba82b750f229811e2"},
    {file = "cffi-1.17.1-cp313-cp313-manylinux_2_12_i686.manylinux2010_i686.manylinux_2_17_i686.manylinux2014_i686.whl", hash = "sha256:d01b12eeeb4427d3110de311e1774046ad344f5b1a7403101878976ecd7a10f3"},
    {file = "cffi-1.17.1-cp313-cp313-manylinux_2_17_aarch64.manylinux2014_aarch64.whl", hash = "sha256:706510fe141c86a69c8ddc029c7910003a17353970cff3b904ff0686a5927683"},
    {file = "cffi-1.17.1-cp313-cp313-manylinux_2_17_ppc64le.manylinux2014_ppc64le.whl", hash = "sha256:de55b766c7aa2e2a3092c51e0483d700341182f08e67c63630d5b6f200bb28e5"},
    {file = "cffi-1.17.1-cp313-cp313-manylinux_2_17_s390x.manylinux2014_s390x.whl", hash = "sha256:c59d6e989d07460165cc5ad3c61f9fd8f1b4796eacbd81cee78957842b834af4"},
    {file = "cffi-1.17.1-cp313-cp313-manylinux_2_17_x86_64.manylinux2014_x86_64.whl", hash = "sha256:dd398dbc6773384a17fe0d3e7eeb8d1a21c2200473ee6806bb5e6a8e62bb73dd"},
    {file = "cffi-1.17.1-cp313-cp313-musllinux_1_1_aarch64.whl", hash = "sha256:3edc8d958eb099c634dace3c7e16560ae474aa3803a5df240542b305d14e14ed"},
    {file = "cffi-1.17.1-cp313-cp313-musllinux_1_1_x86_64.whl", hash = "sha256:72e72408cad3d5419375fc87d289076ee319835bdfa2caad331e377589aebba9"},
    {file = "cffi-1.17.1-cp313-cp313-win32.whl", hash = "sha256:e03eab0a8677fa80d646b5ddece1cbeaf556c313dcfac435ba11f107ba117b5d"},
    {file = "cffi-1.17.1-cp313-cp313-win_amd64.whl", hash = "sha256:f6a16c31041f09ead72d69f583767292f750d24913dadacf5756b966aacb3f1a"},
    {file = "cffi-1.17.1-cp38-cp38-macosx_10_9_x86_64.whl", hash = "sha256:636062ea65bd0195bc012fea9321aca499c0504409f413dc88af450b57ffd03b"},
    {file = "cffi-1.17.1-cp38-cp38-manylinux_2_12_i686.manylinux2010_i686.manylinux_2_17_i686.manylinux2014_i686.whl", hash = "sha256:c7eac2ef9b63c79431bc4b25f1cd649d7f061a28808cbc6c47b534bd789ef964"},
    {file = "cffi-1.17.1-cp38-cp38-manylinux_2_17_aarch64.manylinux2014_aarch64.whl", hash = "sha256:e221cf152cff04059d011ee126477f0d9588303eb57e88923578ace7baad17f9"},
    {file = "cffi-1.17.1-cp38-cp38-manylinux_2_17_ppc64le.manylinux2014_ppc64le.whl", hash = "sha256:31000ec67d4221a71bd3f67df918b1f88f676f1c3b535a7eb473255fdc0b83fc"},
    {file = "cffi-1.17.1-cp38-cp38-manylinux_2_17_s390x.manylinux2014_s390x.whl", hash = "sha256:6f17be4345073b0a7b8ea599688f692ac3ef23ce28e5df79c04de519dbc4912c"},
    {file = "cffi-1.17.1-cp38-cp38-manylinux_2_17_x86_64.manylinux2014_x86_64.whl", hash = "sha256:0e2b1fac190ae3ebfe37b979cc1ce69c81f4e4fe5746bb401dca63a9062cdaf1"},
    {file = "cffi-1.17.1-cp38-cp38-win32.whl", hash = "sha256:7596d6620d3fa590f677e9ee430df2958d2d6d6de2feeae5b20e82c00b76fbf8"},
    {file = "cffi-1.17.1-cp38-cp38-win_amd64.whl", hash = "sha256:78122be759c3f8a014ce010908ae03364d00a1f81ab5c7f4a7a5120607ea56e1"},
    {file = "cffi-1.17.1-cp39-cp39-macosx_10_9_x86_64.whl", hash = "sha256:b2ab587605f4ba0bf81dc0cb08a41bd1c0a5906bd59243d56bad7668a6fc6c16"},
    {file = "cffi-1.17.1-cp39-cp39-macosx_11_0_arm64.whl", hash = "sha256:28b16024becceed8c6dfbc75629e27788d8a3f9030691a1dbf9821a128b22c36"},
    {file = "cffi-1.17.1-cp39-cp39-manylinux_2_12_i686.manylinux2010_i686.manylinux_2_17_i686.manylinux2014_i686.whl", hash = "sha256:1d599671f396c4723d016dbddb72fe8e0397082b0a77a4fab8028923bec050e8"},
    {file = "cffi-1.17.1-cp39-cp39-manylinux_2_17_aarch64.manylinux2014_aarch64.whl", hash = "sha256:ca74b8dbe6e8e8263c0ffd60277de77dcee6c837a3d0881d8c1ead7268c9e576"},
    {file = "cffi-1.17.1-cp39-cp39-manylinux_2_17_ppc64le.manylinux2014_ppc64le.whl", hash = "sha256:f7f5baafcc48261359e14bcd6d9bff6d4b28d9103847c9e136694cb0501aef87"},
    {file = "cffi-1.17.1-cp39-cp39-manylinux_2_17_s390x.manylinux2014_s390x.whl", hash = "sha256:98e3969bcff97cae1b2def8ba499ea3d6f31ddfdb7635374834cf89a1a08ecf0"},
    {file = "cffi-1.17.1-cp39-cp39-manylinux_2_17_x86_64.manylinux2014_x86_64.whl", hash = "sha256:cdf5ce3acdfd1661132f2a9c19cac174758dc2352bfe37d98aa7512c6b7178b3"},
    {file = "cffi-1.17.1-cp39-cp39-musllinux_1_1_aarch64.whl", hash = "sha256:9755e4345d1ec879e3849e62222a18c7174d65a6a92d5b346b1863912168b595"},
    {file = "cffi-1.17.1-cp39-cp39-musllinux_1_1_i686.whl", hash = "sha256:f1e22e8c4419538cb197e4dd60acc919d7696e5ef98ee4da4e01d3f8cfa4cc5a"},
    {file = "cffi-1.17.1-cp39-cp39-musllinux_1_1_x86_64.whl", hash = "sha256:c03e868a0b3bc35839ba98e74211ed2b05d2119be4e8a0f224fba9384f1fe02e"},
    {file = "cffi-1.17.1-cp39-cp39-win32.whl", hash = "sha256:e31ae45bc2e29f6b2abd0de1cc3b9d5205aa847cafaecb8af1476a609a2f6eb7"},
    {file = "cffi-1.17.1-cp39-cp39-win_amd64.whl", hash = "sha256:d016c76bdd850f3c626af19b0542c9677ba156e4ee4fccfdd7848803533ef662"},
    {file = "cffi-1.17.1.tar.gz", hash = "sha256:1c39c6016c32bc48dd54561950ebd6836e1670f2ae46128f67cf49e789c52824"},
]

[package.dependencies]
pycparser = "*"

[[package]]
name = "cryptography"
version = "44.0.2"
description = "cryptography is a package which provides cryptographic recipes and primitives to Python developers."
optional = false
python-versions = "!=3.9.0,!=3.9.1,>=3.7"
files = [
    {file = "cryptography-44.0.2-cp37-abi3-macosx_10_9_universal2.whl", hash = "sha256:efcfe97d1b3c79e486554efddeb8f6f53a4cdd4cf6086642784fa31fc384e1d7"},
    {file = "cryptography-44.0.2-cp37-abi3-manylinux_2_17_aarch64.manylinux2014_aarch64.whl", hash = "sha256:29ecec49f3ba3f3849362854b7253a9f59799e3763b0c9d0826259a88efa02f1"},
    {file = "cryptography-44.0.2-cp37-abi3-manylinux_2_17_x86_64.manylinux2014_x86_64.whl", hash = "sha256:bc821e161ae88bfe8088d11bb39caf2916562e0a2dc7b6d56714a48b784ef0bb"},
    {file = "cryptography-44.0.2-cp37-abi3-manylinux_2_28_aarch64.whl", hash = "sha256:3c00b6b757b32ce0f62c574b78b939afab9eecaf597c4d624caca4f9e71e7843"},
    {file = "cryptography-44.0.2-cp37-abi3-manylinux_2_28_armv7l.manylinux_2_31_armv7l.whl", hash = "sha256:7bdcd82189759aba3816d1f729ce42ffded1ac304c151d0a8e89b9996ab863d5"},
    {file = "cryptography-44.0.2-cp37-abi3-manylinux_2_28_x86_64.whl", hash = "sha256:4973da6ca3db4405c54cd0b26d328be54c7747e89e284fcff166132eb7bccc9c"},
    {file = "cryptography-44.0.2-cp37-abi3-manylinux_2_34_aarch64.whl", hash = "sha256:4e389622b6927d8133f314949a9812972711a111d577a5d1f4bee5e58736b80a"},
    {file = "cryptography-44.0.2-cp37-abi3-manylinux_2_34_x86_64.whl", hash = "sha256:f514ef4cd14bb6fb484b4a60203e912cfcb64f2ab139e88c2274511514bf7308"},
    {file = "cryptography-44.0.2-cp37-abi3-musllinux_1_2_aarch64.whl", hash = "sha256:1bc312dfb7a6e5d66082c87c34c8a62176e684b6fe3d90fcfe1568de675e6688"},
    {file = "cryptography-44.0.2-cp37-abi3-musllinux_1_2_x86_64.whl", hash = "sha256:3b721b8b4d948b218c88cb8c45a01793483821e709afe5f622861fc6182b20a7"},
    {file = "cryptography-44.0.2-cp37-abi3-win32.whl", hash = "sha256:51e4de3af4ec3899d6d178a8c005226491c27c4ba84101bfb59c901e10ca9f79"},
    {file = "cryptography-44.0.2-cp37-abi3-win_amd64.whl", hash = "sha256:c505d61b6176aaf982c5717ce04e87da5abc9a36a5b39ac03905c4aafe8de7aa"},
    {file = "cryptography-44.0.2-cp39-abi3-macosx_10_9_universal2.whl", hash = "sha256:8e0ddd63e6bf1161800592c71ac794d3fb8001f2caebe0966e77c5234fa9efc3"},
    {file = "cryptography-44.0.2-cp39-abi3-manylinux_2_17_aarch64.manylinux2014_aarch64.whl", hash = "sha256:81276f0ea79a208d961c433a947029e1a15948966658cf6710bbabb60fcc2639"},
    {file = "cryptography-44.0.2-cp39-abi3-manylinux_2_17_x86_64.manylinux2014_x86_64.whl", hash = "sha256:9a1e657c0f4ea2a23304ee3f964db058c9e9e635cc7019c4aa21c330755ef6fd"},
    {file = "cryptography-44.0.2-cp39-abi3-manylinux_2_28_aarch64.whl", hash = "sha256:6210c05941994290f3f7f175a4a57dbbb2afd9273657614c506d5976db061181"},
    {file = "cryptography-44.0.2-cp39-abi3-manylinux_2_28_armv7l.manylinux_2_31_armv7l.whl", hash = "sha256:d1c3572526997b36f245a96a2b1713bf79ce99b271bbcf084beb6b9b075f29ea"},
    {file = "cryptography-44.0.2-cp39-abi3-manylinux_2_28_x86_64.whl", hash = "sha256:b042d2a275c8cee83a4b7ae30c45a15e6a4baa65a179a0ec2d78ebb90e4f6699"},
    {file = "cryptography-44.0.2-cp39-abi3-manylinux_2_34_aarch64.whl", hash = "sha256:d03806036b4f89e3b13b6218fefea8d5312e450935b1a2d55f0524e2ed7c59d9"},
    {file = "cryptography-44.0.2-cp39-abi3-manylinux_2_34_x86_64.whl", hash = "sha256:c7362add18b416b69d58c910caa217f980c5ef39b23a38a0880dfd87bdf8cd23"},
    {file = "cryptography-44.0.2-cp39-abi3-musllinux_1_2_aarch64.whl", hash = "sha256:8cadc6e3b5a1f144a039ea08a0bdb03a2a92e19c46be3285123d32029f40a922"},
    {file = "cryptography-44.0.2-cp39-abi3-musllinux_1_2_x86_64.whl", hash = "sha256:6f101b1f780f7fc613d040ca4bdf835c6ef3b00e9bd7125a4255ec574c7916e4"},
    {file = "cryptography-44.0.2-cp39-abi3-win32.whl", hash = "sha256:3dc62975e31617badc19a906481deacdeb80b4bb454394b4098e3f2525a488c5"},
    {file = "cryptography-44.0.2-cp39-abi3-win_amd64.whl", hash = "sha256:5f6f90b72d8ccadb9c6e311c775c8305381db88374c65fa1a68250aa8a9cb3a6"},
    {file = "cryptography-44.0.2-pp310-pypy310_pp73-macosx_10_9_x86_64.whl", hash = "sha256:af4ff3e388f2fa7bff9f7f2b31b87d5651c45731d3e8cfa0944be43dff5cfbdb"},
    {file = "cryptography-44.0.2-pp310-pypy310_pp73-manylinux_2_28_aarch64.whl", hash = "sha256:0529b1d5a0105dd3731fa65680b45ce49da4d8115ea76e9da77a875396727b41"},
    {file = "cryptography-44.0.2-pp310-pypy310_pp73-manylinux_2_28_x86_64.whl", hash = "sha256:7ca25849404be2f8e4b3c59483d9d3c51298a22c1c61a0e84415104dacaf5562"},
    {file = "cryptography-44.0.2-pp310-pypy310_pp73-manylinux_2_34_aarch64.whl", hash = "sha256:268e4e9b177c76d569e8a145a6939eca9a5fec658c932348598818acf31ae9a5"},
    {file = "cryptography-44.0.2-pp310-pypy310_pp73-manylinux_2_34_x86_64.whl", hash = "sha256:9eb9d22b0a5d8fd9925a7764a054dca914000607dff201a24c791ff5c799e1fa"},
    {file = "cryptography-44.0.2-pp310-pypy310_pp73-win_amd64.whl", hash = "sha256:2bf7bf75f7df9715f810d1b038870309342bff3069c5bd8c6b96128cb158668d"},
    {file = "cryptography-44.0.2-pp311-pypy311_pp73-manylinux_2_28_aarch64.whl", hash = "sha256:909c97ab43a9c0c0b0ada7a1281430e4e5ec0458e6d9244c0e821bbf152f061d"},
    {file = "cryptography-44.0.2-pp311-pypy311_pp73-manylinux_2_28_x86_64.whl", hash = "sha256:96e7a5e9d6e71f9f4fca8eebfd603f8e86c5225bb18eb621b2c1e50b290a9471"},
    {file = "cryptography-44.0.2-pp311-pypy311_pp73-manylinux_2_34_aarch64.whl", hash = "sha256:d1b3031093a366ac767b3feb8bcddb596671b3aaff82d4050f984da0c248b615"},
    {file = "cryptography-44.0.2-pp311-pypy311_pp73-manylinux_2_34_x86_64.whl", hash = "sha256:04abd71114848aa25edb28e225ab5f268096f44cf0127f3d36975bdf1bdf3390"},
    {file = "cryptography-44.0.2.tar.gz", hash = "sha256:c63454aa261a0cf0c5b4718349629793e9e634993538db841165b3df74f37ec0"},
]

[package.dependencies]
cffi = {version = ">=1.12", markers = "platform_python_implementation != \"PyPy\""}

[package.extras]
docs = ["sphinx (>=5.3.0)", "sphinx-rtd-theme (>=3.0.0)"]
docstest = ["pyenchant (>=3)", "readme-renderer (>=30.0)", "sphinxcontrib-spelling (>=7.3.1)"]
nox = ["nox (>=2024.4.15)", "nox[uv] (>=2024.3.2)"]
pep8test = ["check-sdist", "click (>=8.0.1)", "mypy (>=1.4)", "ruff (>=0.3.6)"]
sdist = ["build (>=1.0.0)"]
ssh = ["bcrypt (>=3.1.5)"]
test = ["certifi (>=2024)", "cryptography-vectors (==44.0.2)", "pretend (>=0.7)", "pytest (>=7.4.0)", "pytest-benchmark (>=4.0)", "pytest-cov (>=2.10.1)", "pytest-xdist (>=3.5.0)"]
test-randomorder = ["pytest-randomly"]

[[package]]
name = "pycparser"
version = "2.22"
description = "C parser in Python"
optional = false
python-versions = ">=3.8"
files = [
    {file = "pycparser-2.22-py3-none-any.whl", hash = "sha256:c3702b6d3dd8c7abc1afa565d7e63d53a1d0bd86cdc24edd75470f4de499cfcc"},
    {file = "pycparser-2.22.tar.gz", hash = "sha256:491c8be9c040f5390f5bf44a5b07752bd07f56edf992381b05c701439eec10f6"},
]

[[package]]
name = "pytz"
version = "2025.1"
description = "World timezone definitions, modern and historical"
optional = false
python-versions = "*"
files = [
    {file = "pytz-2025.1-py2.py3-none-any.whl", hash = "sha256:89dd22dca55b46eac6eda23b2d72721bf1bdfef212645d81513ef5d03038de57"},
    {file = "pytz-2025.1.tar.gz", hash = "sha256:c2db42be2a2518b28e65f9207c4d05e6ff547d1efa4086469ef855e4ab70178e"},
]

[[package]]
name = "pywin32"
version = "308"
description = "Python for Window Extensions"
optional = false
python-versions = "*"
files = [
    {file = "pywin32-308-cp310-cp310-win32.whl", hash = "sha256:796ff4426437896550d2981b9c2ac0ffd75238ad9ea2d3bfa67a1abd546d262e"},
    {file = "pywin32-308-cp310-cp310-win_amd64.whl", hash = "sha256:4fc888c59b3c0bef905ce7eb7e2106a07712015ea1c8234b703a088d46110e8e"},
    {file = "pywin32-308-cp310-cp310-win_arm64.whl", hash = "sha256:a5ab5381813b40f264fa3495b98af850098f814a25a63589a8e9eb12560f450c"},
    {file = "pywin32-308-cp311-cp311-win32.whl", hash = "sha256:5d8c8015b24a7d6855b1550d8e660d8daa09983c80e5daf89a273e5c6fb5095a"},
    {file = "pywin32-308-cp311-cp311-win_amd64.whl", hash = "sha256:575621b90f0dc2695fec346b2d6302faebd4f0f45c05ea29404cefe35d89442b"},
    {file = "pywin32-308-cp311-cp311-win_arm64.whl", hash = "sha256:100a5442b7332070983c4cd03f2e906a5648a5104b8a7f50175f7906efd16bb6"},
    {file = "pywin32-308-cp312-cp312-win32.whl", hash = "sha256:587f3e19696f4bf96fde9d8a57cec74a57021ad5f204c9e627e15c33ff568897"},
    {file = "pywin32-308-cp312-cp312-win_amd64.whl", hash = "sha256:00b3e11ef09ede56c6a43c71f2d31857cf7c54b0ab6e78ac659497abd2834f47"},
    {file = "pywin32-308-cp312-cp312-win_arm64.whl", hash = "sha256:9b4de86c8d909aed15b7011182c8cab38c8850de36e6afb1f0db22b8959e3091"},
    {file = "pywin32-308-cp313-cp313-win32.whl", hash = "sha256:1c44539a37a5b7b21d02ab34e6a4d314e0788f1690d65b48e9b0b89f31abbbed"},
    {file = "pywin32-308-cp313-cp313-win_amd64.whl", hash = "sha256:fd380990e792eaf6827fcb7e187b2b4b1cede0585e3d0c9e84201ec27b9905e4"},
    {file = "pywin32-308-cp313-cp313-win_arm64.whl", hash = "sha256:ef313c46d4c18dfb82a2431e3051ac8f112ccee1a34f29c263c583c568db63cd"},
    {file = "pywin32-308-cp37-cp37m-win32.whl", hash = "sha256:1f696ab352a2ddd63bd07430080dd598e6369152ea13a25ebcdd2f503a38f1ff"},
    {file = "pywin32-308-cp37-cp37m-win_amd64.whl", hash = "sha256:13dcb914ed4347019fbec6697a01a0aec61019c1046c2b905410d197856326a6"},
    {file = "pywin32-308-cp38-cp38-win32.whl", hash = "sha256:5794e764ebcabf4ff08c555b31bd348c9025929371763b2183172ff4708152f0"},
    {file = "pywin32-308-cp38-cp38-win_amd64.whl", hash = "sha256:3b92622e29d651c6b783e368ba7d6722b1634b8e70bd376fd7610fe1992e19de"},
    {file = "pywin32-308-cp39-cp39-win32.whl", hash = "sha256:7873ca4dc60ab3287919881a7d4f88baee4a6e639aa6962de25a98ba6b193341"},
    {file = "pywin32-308-cp39-cp39-win_amd64.whl", hash = "sha256:71b3322d949b4cc20776436a9c9ba0eeedcbc9c650daa536df63f0ff111bb920"},
]

[[package]]
name = "sqlcipher3-wheels"
version = "0.5.4"
description = "DB-API 2.0 interface for SQLCipher 3.x"
optional = false
python-versions = "*"
files = [
    {file = "sqlcipher3_wheels-0.5.4-cp310-cp310-macosx_10_9_universal2.whl", hash = "sha256:ea782aea45ce9a4c770b6d97baacb60e7ef3ee592808e2aa573ca34df00e3576"},
    {file = "sqlcipher3_wheels-0.5.4-cp310-cp310-macosx_10_9_x86_64.whl", hash = "sha256:bb2547f8e9be1d98622cc226f1dffc6041d865a80605008bb6a4b33a64da7441"},
    {file = "sqlcipher3_wheels-0.5.4-cp310-cp310-macosx_11_0_arm64.whl", hash = "sha256:78eb16f3e633550b39b9aeb75fc48ba7802a02138c4657394d448a4acd257f35"},
    {file = "sqlcipher3_wheels-0.5.4-cp310-cp310-manylinux_2_17_aarch64.manylinux2014_aarch64.whl", hash = "sha256:9fd2e6da7c678ec705e8b8ff53d0e5aa31a824575955ac67a2227855177d65e6"},
    {file = "sqlcipher3_wheels-0.5.4-cp310-cp310-manylinux_2_17_i686.manylinux2014_i686.whl", hash = "sha256:9df9ab46e11a7b90a4a8234228a084ace900ba6fd62ec9d04ea30c21262286fa"},
    {file = "sqlcipher3_wheels-0.5.4-cp310-cp310-manylinux_2_17_ppc64le.manylinux2014_ppc64le.whl", hash = "sha256:4cb53f375a129f278bb19f7ba44813b7a7ebf55395ac00521f449f35075d6f68"},
    {file = "sqlcipher3_wheels-0.5.4-cp310-cp310-manylinux_2_17_s390x.manylinux2014_s390x.whl", hash = "sha256:86de7f26d3727cd180d175a771a1ea230de9ac06cc803149953210cc18effdd9"},
    {file = "sqlcipher3_wheels-0.5.4-cp310-cp310-manylinux_2_17_x86_64.manylinux2014_x86_64.whl", hash = "sha256:a6b1bc8e8fc101c63090d7b85b77333d6b86ee143e7c332109cb6128337990a1"},
    {file = "sqlcipher3_wheels-0.5.4-cp310-cp310-musllinux_1_2_aarch64.whl", hash = "sha256:bf863ce78d87092364b8d0d40ace62cf04f538382ef09c4e0c2e8b01851d6557"},
    {file = "sqlcipher3_wheels-0.5.4-cp310-cp310-musllinux_1_2_i686.whl", hash = "sha256:cd32ce67d7af6cd185ac0fbc8dfc8340c18dd737abd8841e560a2981811ddcb9"},
    {file = "sqlcipher3_wheels-0.5.4-cp310-cp310-musllinux_1_2_ppc64le.whl", hash = "sha256:7f4fdf014acd3e69e790e87993eb9868826ff73511d48fc87f1a7a1daaa41d9a"},
    {file = "sqlcipher3_wheels-0.5.4-cp310-cp310-musllinux_1_2_s390x.whl", hash = "sha256:b35f2f8dee1d70633f26f07d3a581e2d46b244bff55e6ce331557157171851e3"},
    {file = "sqlcipher3_wheels-0.5.4-cp310-cp310-musllinux_1_2_x86_64.whl", hash = "sha256:4dd10fbaa28224a266a178da36cb69032f62007c2c66bb6e28ca5cfdcd592af8"},
    {file = "sqlcipher3_wheels-0.5.4-cp310-cp310-win32.whl", hash = "sha256:e5fc77b9f3d196d243ae4f86c9b00d0f117575bf6c85db52f620dc1c205e9b37"},
    {file = "sqlcipher3_wheels-0.5.4-cp310-cp310-win_amd64.whl", hash = "sha256:ec72d69b1f9e79a56b647a9089d26ed33d27d3610d49d18572e90c595c881e59"},
    {file = "sqlcipher3_wheels-0.5.4-cp310-cp310-win_arm64.whl", hash = "sha256:ef2736a522c307fd88652113bad57e76e719f5cd3b2a63447d5a08b10f5a1978"},
    {file = "sqlcipher3_wheels-0.5.4-cp311-cp311-macosx_10_9_universal2.whl", hash = "sha256:6bbc10aa50a79e542fd1d2d76cfcdee242089ae27692a918cb6f3427039cd073"},
    {file = "sqlcipher3_wheels-0.5.4-cp311-cp311-macosx_10_9_x86_64.whl", hash = "sha256:ef62e6244267914c03da7939b58c5fb65639cfbd6a231a00a63fda4256c65359"},
    {file = "sqlcipher3_wheels-0.5.4-cp311-cp311-macosx_11_0_arm64.whl", hash = "sha256:958cddcdf25aa900d4f94c38feb573e373b87327a7eb82f26cce72aafa65cc24"},
    {file = "sqlcipher3_wheels-0.5.4-cp311-cp311-manylinux_2_17_aarch64.manylinux2014_aarch64.whl", hash = "sha256:8ccfa1154bc339a266cf5e9b8c20a6206b4f40971e1ce0ebe15f9095c4c97115"},
    {file = "sqlcipher3_wheels-0.5.4-cp311-cp311-manylinux_2_17_i686.manylinux2014_i686.whl", hash = "sha256:d6804a2cdc87d2ce8d20ae3b4265963db8eb107881de886c225be4a91dc1168a"},
    {file = "sqlcipher3_wheels-0.5.4-cp311-cp311-manylinux_2_17_ppc64le.manylinux2014_ppc64le.whl", hash = "sha256:8c53467e22870293bfbefaa5949f36e4c75113d7cfa799af68d0e997839a53ed"},
    {file = "sqlcipher3_wheels-0.5.4-cp311-cp311-manylinux_2_17_s390x.manylinux2014_s390x.whl", hash = "sha256:9f3922baa218af13bf041d7497f192b3ddce734d37bcc1341e21d689601a5c60"},
    {file = "sqlcipher3_wheels-0.5.4-cp311-cp311-manylinux_2_17_x86_64.manylinux2014_x86_64.whl", hash = "sha256:4c52a19264196b65c230b213b8dcb74b7f6e3033fbecd60cbe3033470160b9a6"},
    {file = "sqlcipher3_wheels-0.5.4-cp311-cp311-musllinux_1_2_aarch64.whl", hash = "sha256:e4c5e1dc52acd9e2164463a0aeca5572a1f2ddc8444671ba34b2ab52a74742ba"},
    {file = "sqlcipher3_wheels-0.5.4-cp311-cp311-musllinux_1_2_i686.whl", hash = "sha256:62927a3833fbfc3c949c394f26bf7b5335a692a5c0cd351b2b6a9d6f7b117fd2"},
    {file = "sqlcipher3_wheels-0.5.4-cp311-cp311-musllinux_1_2_ppc64le.whl", hash = "sha256:e9fe01b568540ae3cf7edea346c33b3edc40e1cb6126d421f77ed309f1f7524a"},
    {file = "sqlcipher3_wheels-0.5.4-cp311-cp311-musllinux_1_2_s390x.whl", hash = "sha256:faf6bbdcee559565ed8dcd3d315b025080923629acfcdc0f2692b340147a415e"},
    {file = "sqlcipher3_wheels-0.5.4-cp311-cp311-musllinux_1_2_x86_64.whl", hash = "sha256:999bb39bfca900fb66b4b25616c693bb290a1b02abce0203b8b581a479ad491e"},
    {file = "sqlcipher3_wheels-0.5.4-cp311-cp311-win32.whl", hash = "sha256:25c3e96a949f9855770094c8ab81e3774209c25ec97156bbc607b850f4ae4992"},
    {file = "sqlcipher3_wheels-0.5.4-cp311-cp311-win_amd64.whl", hash = "sha256:10fb372084b499b99e977a2744174d56ac2a7c682cffa9ced12943b2e55d48a2"},
    {file = "sqlcipher3_wheels-0.5.4-cp311-cp311-win_arm64.whl", hash = "sha256:a089f6d142f25c6fd12e1b45f62074997a62c5624b7afc2200b803a0c2cf961e"},
    {file = "sqlcipher3_wheels-0.5.4-cp312-cp312-macosx_10_13_universal2.whl", hash = "sha256:52aa076867966a6e426b4d8f57d60ef1885f399ef0f0108f8aff6e02e57ae87d"},
    {file = "sqlcipher3_wheels-0.5.4-cp312-cp312-macosx_10_13_x86_64.whl", hash = "sha256:48f8569fae1896660f6f2fba85eaafc8e8efef7a3287583169f5b2bf2941167d"},
    {file = "sqlcipher3_wheels-0.5.4-cp312-cp312-macosx_11_0_arm64.whl", hash = "sha256:a826162a223ed64fdec55a5d32ef168fae871e692163a9896cb0473461da78a2"},
    {file = "sqlcipher3_wheels-0.5.4-cp312-cp312-manylinux_2_17_aarch64.manylinux2014_aarch64.whl", hash = "sha256:90fef9761048ef2fb241d7484fafc4ef18a7925ef0e82ee851b80ff25456fdab"},
    {file = "sqlcipher3_wheels-0.5.4-cp312-cp312-manylinux_2_17_i686.manylinux2014_i686.whl", hash = "sha256:e7ea9cf16f99d77c15a3b6b2091c97b323a2ac3731f3f8b78e30f0556833ed85"},
    {file = "sqlcipher3_wheels-0.5.4-cp312-cp312-manylinux_2_17_ppc64le.manylinux2014_ppc64le.whl", hash = "sha256:ee89656ce759e2cbd2bfba662cd5829bf8b68c5ca6cbcf680a06f3bade08534c"},
    {file = "sqlcipher3_wheels-0.5.4-cp312-cp312-manylinux_2_17_s390x.manylinux2014_s390x.whl", hash = "sha256:36606e7f7e48f0cc5fb5806488115b301c6fe84848ea3e47f60de46cbf7ad256"},
    {file = "sqlcipher3_wheels-0.5.4-cp312-cp312-manylinux_2_17_x86_64.manylinux2014_x86_64.whl", hash = "sha256:b13492a2ba5ed9239dad22545de29844fd441a45c74294fc426a11d93638b937"},
    {file = "sqlcipher3_wheels-0.5.4-cp312-cp312-musllinux_1_2_aarch64.whl", hash = "sha256:7aa6032c69432076ec4d6ff9003b3a61d2e305aeb9fd8794388750732ba10666"},
    {file = "sqlcipher3_wheels-0.5.4-cp312-cp312-musllinux_1_2_i686.whl", hash = "sha256:8bd7c9ca0ee701602708e07ab708031604f7b424418df161b0b0e0e95480ff6b"},
    {file = "sqlcipher3_wheels-0.5.4-cp312-cp312-musllinux_1_2_ppc64le.whl", hash = "sha256:74290e00f62cfc108b2b772b53c082e29ffffe77ee5cc7d081df372930ba3118"},
    {file = "sqlcipher3_wheels-0.5.4-cp312-cp312-musllinux_1_2_s390x.whl", hash = "sha256:3ef2cc5e86e63f0f03339fba28ed6877315f0c3bb3182a73ce8150ab50e9b6e2"},
    {file = "sqlcipher3_wheels-0.5.4-cp312-cp312-musllinux_1_2_x86_64.whl", hash = "sha256:7169b7dacaf5c48f7ba474f1c67508de0ad6f384859867325a1f9b940f1acbc9"},
    {file = "sqlcipher3_wheels-0.5.4-cp312-cp312-win32.whl", hash = "sha256:106ccf2b88957ca71b2d02ab8cd8ecb534f66332b61b598e6c8dc77e4b78420a"},
    {file = "sqlcipher3_wheels-0.5.4-cp312-cp312-win_amd64.whl", hash = "sha256:218817c9f7dd6347d04b74a613611e8fd3cae57f50e60a8e88848f1ed319fc46"},
    {file = "sqlcipher3_wheels-0.5.4-cp312-cp312-win_arm64.whl", hash = "sha256:87fe355e2b47da9623809136089c7325aee1dd1fac9c7173fedcb43174e34ba7"},
    {file = "sqlcipher3_wheels-0.5.4-cp313-cp313-macosx_10_13_universal2.whl", hash = "sha256:0eed2bbec9f5d88b3af2354ed6e82c479fdcab857e991caeafd31d57fc9b2494"},
    {file = "sqlcipher3_wheels-0.5.4-cp313-cp313-macosx_10_13_x86_64.whl", hash = "sha256:2434a3c413c6f42221b88cf45430f61709bd29f25774f4aaf636d7bd94f88073"},
    {file = "sqlcipher3_wheels-0.5.4-cp313-cp313-macosx_11_0_arm64.whl", hash = "sha256:691c7bdf4944ff52d764cc66687e237cbbb0308c0ffb495da5a9e15ec5dc2d9d"},
    {file = "sqlcipher3_wheels-0.5.4-cp313-cp313-manylinux_2_17_aarch64.manylinux2014_aarch64.whl", hash = "sha256:7fec0405b67e8de4a530a21828b56a5da46689842487a9d677cfc6d7490cdbdb"},
    {file = "sqlcipher3_wheels-0.5.4-cp313-cp313-manylinux_2_17_i686.manylinux2014_i686.whl", hash = "sha256:5d63d39159646956a9bf15d1b553fc6f3494a45620cc5a43283efa072d799fad"},
    {file = "sqlcipher3_wheels-0.5.4-cp313-cp313-manylinux_2_17_ppc64le.manylinux2014_ppc64le.whl", hash = "sha256:3f53094107a4ce2cfb1664cac2ae1d5e5f6f97f4621d24e5da666c599a2a08a7"},
    {file = "sqlcipher3_wheels-0.5.4-cp313-cp313-manylinux_2_17_s390x.manylinux2014_s390x.whl", hash = "sha256:3c9037c75f2549e534b6685b8baf349ec63f035f6613272d5d5c11f3a1bfe946"},
    {file = "sqlcipher3_wheels-0.5.4-cp313-cp313-manylinux_2_17_x86_64.manylinux2014_x86_64.whl", hash = "sha256:ef8838fb3ed9275b83e885296712256c9ed7181f41cd99883cfda4560c126ade"},
    {file = "sqlcipher3_wheels-0.5.4-cp313-cp313-musllinux_1_2_aarch64.whl", hash = "sha256:47ef85af5956532f2ba47cd0c5cadd3eeffb4d0a238a76182fbcb595536cd146"},
    {file = "sqlcipher3_wheels-0.5.4-cp313-cp313-musllinux_1_2_i686.whl", hash = "sha256:f0775a0bf9b62075225b0b7f19de4a9dd6160851dd4e40b2c4415ba829a3de16"},
    {file = "sqlcipher3_wheels-0.5.4-cp313-cp313-musllinux_1_2_ppc64le.whl", hash = "sha256:c4860c1d9793b9b2531f74bf4e1be634b77728e76adba01c37ca3e2bcb4049a3"},
    {file = "sqlcipher3_wheels-0.5.4-cp313-cp313-musllinux_1_2_s390x.whl", hash = "sha256:72adce4e2735aa845e4c0b79fa5536383d31278a35bd2a6da61517f690762723"},
    {file = "sqlcipher3_wheels-0.5.4-cp313-cp313-musllinux_1_2_x86_64.whl", hash = "sha256:5b05593e65340497812be612950e2dea4e1ad784b89cecf7187c6e00da84b223"},
    {file = "sqlcipher3_wheels-0.5.4-cp313-cp313-win32.whl", hash = "sha256:7d5989e6d86bf7c8fe6e1f0f03e72e80e5b4e603df0e01a4f9bc3bf5c99cbdc8"},
    {file = "sqlcipher3_wheels-0.5.4-cp313-cp313-win_amd64.whl", hash = "sha256:5fe127a32be4ec52913625a21d3950cb0f0ec12bcab56f1859635713d6f5d474"},
    {file = "sqlcipher3_wheels-0.5.4-cp313-cp313-win_arm64.whl", hash = "sha256:95ec4b1d72fc6fba5b9ba438b7d5abf387cffa5c7b4ad8b4e7da68484d28393e"},
    {file = "sqlcipher3_wheels-0.5.4-cp36-cp36m-macosx_10_9_x86_64.whl", hash = "sha256:d8c0e6e870acc908a75d9955d22c04337c469f73bc83e8de46a3c47785c2c835"},
    {file = "sqlcipher3_wheels-0.5.4-cp36-cp36m-manylinux_2_17_aarch64.manylinux2014_aarch64.whl", hash = "sha256:a3690d9b4954aed19bc37bc7fd4575bbc82caca69027ba16125d0947a9952f1c"},
    {file = "sqlcipher3_wheels-0.5.4-cp36-cp36m-manylinux_2_17_i686.manylinux2014_i686.whl", hash = "sha256:1c2a8f524bd2e215c1f8e9b4e96f3d2647b33ea315163142c49df8c8cbfb4e96"},
    {file = "sqlcipher3_wheels-0.5.4-cp36-cp36m-manylinux_2_17_ppc64le.manylinux2014_ppc64le.whl", hash = "sha256:6f75145c9ec0f999aaa35afd87d1454fe1007ba78a84368b8763d94664201557"},
    {file = "sqlcipher3_wheels-0.5.4-cp36-cp36m-manylinux_2_17_s390x.manylinux2014_s390x.whl", hash = "sha256:fff851873f7289f7b264f6e5f7fd47e1943fffc5c800c0fe5b9a2fce679e6938"},
    {file = "sqlcipher3_wheels-0.5.4-cp36-cp36m-manylinux_2_17_x86_64.manylinux2014_x86_64.whl", hash = "sha256:683edd3e44c59ff71e39c36c2db67bd80424e64d21a3ea7d5d5f9e95614ad412"},
    {file = "sqlcipher3_wheels-0.5.4-cp36-cp36m-musllinux_1_2_aarch64.whl", hash = "sha256:006a5706ef8bcc5a63799641122b2f21f81d491162b3f9fb7dd0bdea9e0bf160"},
    {file = "sqlcipher3_wheels-0.5.4-cp36-cp36m-musllinux_1_2_i686.whl", hash = "sha256:f406594bf6ea705e7c257aedb2df8c1566a397c46fa7aa1872c7a2e6e5461de8"},
    {file = "sqlcipher3_wheels-0.5.4-cp36-cp36m-musllinux_1_2_ppc64le.whl", hash = "sha256:9980103e0c5fdd072e887a940e77c935d8d2ce850518ffe715110c7ea7329e69"},
    {file = "sqlcipher3_wheels-0.5.4-cp36-cp36m-musllinux_1_2_s390x.whl", hash = "sha256:aeac9c79cf7833342f9277758453bfe5e88a5f18bf5e7b404ce56d677ab3d286"},
    {file = "sqlcipher3_wheels-0.5.4-cp36-cp36m-musllinux_1_2_x86_64.whl", hash = "sha256:87281e50219f6df8d037a13955c8afb83b0eeab2fb54581d9edc2e04d0c24c11"},
    {file = "sqlcipher3_wheels-0.5.4-cp36-cp36m-win32.whl", hash = "sha256:63fe270ecb99312c37fd8625ca37073f6592c3332641cf6bc69c5a5894b04dd5"},
    {file = "sqlcipher3_wheels-0.5.4-cp36-cp36m-win_amd64.whl", hash = "sha256:db0016c1597b05436e81b20d9c164225650eaa21e9661aef4818a8887c711cb2"},
    {file = "sqlcipher3_wheels-0.5.4-cp37-cp37m-macosx_10_9_x86_64.whl", hash = "sha256:5b1c31e7eaa7b384d7b5c042cfd45bb914c0d5658b74958deafeb82efc2b6742"},
    {file = "sqlcipher3_wheels-0.5.4-cp37-cp37m-manylinux_2_17_aarch64.manylinux2014_aarch64.whl", hash = "sha256:cbca07d4ee4f1721fc8a2e9157649b8ccc4568cb6c26afbd55a55a9b9f8e724e"},
    {file = "sqlcipher3_wheels-0.5.4-cp37-cp37m-manylinux_2_17_i686.manylinux2014_i686.whl", hash = "sha256:e253e5fb82320cdc67fb6780a79bb9049f9f0c49914462c69552526e6368a442"},
    {file = "sqlcipher3_wheels-0.5.4-cp37-cp37m-manylinux_2_17_ppc64le.manylinux2014_ppc64le.whl", hash = "sha256:18679328d286f02971bbf51bd65a40274198ca899e8f5c82d0bbde572d2aed5f"},
    {file = "sqlcipher3_wheels-0.5.4-cp37-cp37m-manylinux_2_17_s390x.manylinux2014_s390x.whl", hash = "sha256:355093d5b3c44266528492eb41e07514daa38e67b162d4b42cf1ef70ea950d39"},
    {file = "sqlcipher3_wheels-0.5.4-cp37-cp37m-manylinux_2_17_x86_64.manylinux2014_x86_64.whl", hash = "sha256:41058f20b37b78d23ae8d467ed977f24eec98d438fdcc74c692f65573c988bb4"},
    {file = "sqlcipher3_wheels-0.5.4-cp37-cp37m-musllinux_1_2_aarch64.whl", hash = "sha256:5a3cc07e95e0f1810e058b16d3fa5a209176923872c9ab030429259256e07698"},
    {file = "sqlcipher3_wheels-0.5.4-cp37-cp37m-musllinux_1_2_i686.whl", hash = "sha256:953da48a4f8e993ff24c44cbac7ba951160a5bcd30c9259ec4ba738cbc0c4bfc"},
    {file = "sqlcipher3_wheels-0.5.4-cp37-cp37m-musllinux_1_2_ppc64le.whl", hash = "sha256:8c3b9238b53e75f5d574c354b169f8a2c13c3928bf8711e3d38ecdce88cad8a2"},
    {file = "sqlcipher3_wheels-0.5.4-cp37-cp37m-musllinux_1_2_s390x.whl", hash = "sha256:be8971eaebea2d5879bfae84770b21ef790244ab04734fd4ab614654a1ed719e"},
    {file = "sqlcipher3_wheels-0.5.4-cp37-cp37m-musllinux_1_2_x86_64.whl", hash = "sha256:ec33f97bf048cffce9c1403d7b106be84d99e70479e853ec44cabe1de2fcd34a"},
    {file = "sqlcipher3_wheels-0.5.4-cp37-cp37m-win32.whl", hash = "sha256:b4461c802a07ac138f5ed3e54dee2ff1fb7a49bdd27a1ddcc5500450a7e1421b"},
    {file = "sqlcipher3_wheels-0.5.4-cp37-cp37m-win_amd64.whl", hash = "sha256:08d42e86e9df924e79f52bf5257c74a5e3c8432de0e1489f1f31fce87fccfa87"},
    {file = "sqlcipher3_wheels-0.5.4-cp38-cp38-macosx_10_9_universal2.whl", hash = "sha256:01c888e5a4e72547be81541346bc13facd96e8476d7801ec04bb9e50c25e019d"},
    {file = "sqlcipher3_wheels-0.5.4-cp38-cp38-macosx_10_9_x86_64.whl", hash = "sha256:856fa85d2e305671a36574eadee7c58b0461bc84303c96b3a7c82d47a3f07de8"},
    {file = "sqlcipher3_wheels-0.5.4-cp38-cp38-macosx_11_0_arm64.whl", hash = "sha256:6030dc48d5b7f5444e0db48bce32042086282f861894cd3ba3b336ef0b78b32d"},
    {file = "sqlcipher3_wheels-0.5.4-cp38-cp38-manylinux_2_17_aarch64.manylinux2014_aarch64.whl", hash = "sha256:009d901c68cf839d29065a68281410ddc79dffaea23a39ac74388afe927b86d1"},
    {file = "sqlcipher3_wheels-0.5.4-cp38-cp38-manylinux_2_17_i686.manylinux2014_i686.whl", hash = "sha256:62def129489c66faa88911589b1f2514b8006cbaddfe2fea9a06d5241db67970"},
    {file = "sqlcipher3_wheels-0.5.4-cp38-cp38-manylinux_2_17_ppc64le.manylinux2014_ppc64le.whl", hash = "sha256:0270ac3cc268dc705ad373a500a71a835625617a718b2f58dab57ca6bce9c748"},
    {file = "sqlcipher3_wheels-0.5.4-cp38-cp38-manylinux_2_17_s390x.manylinux2014_s390x.whl", hash = "sha256:6a95e785ee6df2b89d57be729beb8801b503881f95be0f5cfe768389d6910a16"},
    {file = "sqlcipher3_wheels-0.5.4-cp38-cp38-manylinux_2_17_x86_64.manylinux2014_x86_64.whl", hash = "sha256:0704ab1c5dc7334ea52b76ca6e783d50014f2a19ba734483dcd6343c33ff31cb"},
    {file = "sqlcipher3_wheels-0.5.4-cp38-cp38-musllinux_1_2_aarch64.whl", hash = "sha256:7159eef71b87172641af67ad939367e22b9893c0f229e4175dff0f8fc1cde805"},
    {file = "sqlcipher3_wheels-0.5.4-cp38-cp38-musllinux_1_2_i686.whl", hash = "sha256:6711b6ec51a9995c3430bd4b90d9b3c653d1f98c981f87844ca61a823594e91d"},
    {file = "sqlcipher3_wheels-0.5.4-cp38-cp38-musllinux_1_2_ppc64le.whl", hash = "sha256:bc9511e228954c042cad1a9a4a516834dd5ba05f702f5afeb268f8aca7ed461f"},
    {file = "sqlcipher3_wheels-0.5.4-cp38-cp38-musllinux_1_2_s390x.whl", hash = "sha256:14ab0d3c203736d41043c398270d7179235f2e5e0af64461c2a571d4629f188b"},
    {file = "sqlcipher3_wheels-0.5.4-cp38-cp38-musllinux_1_2_x86_64.whl", hash = "sha256:cd1551b4e19950e2ca0c50db050e637f250f535834312f58f76079a5a6989fdc"},
    {file = "sqlcipher3_wheels-0.5.4-cp38-cp38-win32.whl", hash = "sha256:3877411d92b0edeba75978c0943c86688ffda5b05b6f8ae277b05800e6b0fba0"},
    {file = "sqlcipher3_wheels-0.5.4-cp38-cp38-win_amd64.whl", hash = "sha256:8ea013f31dcaeea8bbd3fd528d088e41c6faaac3c5cdaad32a793ca3574f068c"},
    {file = "sqlcipher3_wheels-0.5.4-cp39-cp39-macosx_10_9_universal2.whl", hash = "sha256:9ed0562d127fcc6536bb7029d464473483a5f1fc8ef093211d2db94d3edb777f"},
    {file = "sqlcipher3_wheels-0.5.4-cp39-cp39-macosx_10_9_x86_64.whl", hash = "sha256:b951b415c813a432ad9105ee93f8a552998e6533dd941771b584d018a7e68a7c"},
    {file = "sqlcipher3_wheels-0.5.4-cp39-cp39-macosx_11_0_arm64.whl", hash = "sha256:5fe325926095f8ee5754776bae7cb75fac779cc637a5bf18cda4e4146ba079e9"},
    {file = "sqlcipher3_wheels-0.5.4-cp39-cp39-manylinux_2_17_aarch64.manylinux2014_aarch64.whl", hash = "sha256:90d3c13591191378694bc63bab244f9b92516da45fa4cdf0b8e75861b3d92efe"},
    {file = "sqlcipher3_wheels-0.5.4-cp39-cp39-manylinux_2_17_i686.manylinux2014_i686.whl", hash = "sha256:a24df667da5768f2a85c4f3ae4b55fa332804c2ef4a742ca2154e1c631a49c09"},
    {file = "sqlcipher3_wheels-0.5.4-cp39-cp39-manylinux_2_17_ppc64le.manylinux2014_ppc64le.whl", hash = "sha256:346a36ee964d1e2b4c674169691b956fd5b38959e25390a8a94e43283c22c7a9"},
    {file = "sqlcipher3_wheels-0.5.4-cp39-cp39-manylinux_2_17_s390x.manylinux2014_s390x.whl", hash = "sha256:a150fdb00edb756670427fca937c9ca6f8674a52b1af95af8ea181a960838336"},
    {file = "sqlcipher3_wheels-0.5.4-cp39-cp39-manylinux_2_17_x86_64.manylinux2014_x86_64.whl", hash = "sha256:8fe99893fa88c2823404be515e2549fdfee04f1e5405f40224a563371f59d1aa"},
    {file = "sqlcipher3_wheels-0.5.4-cp39-cp39-musllinux_1_2_aarch64.whl", hash = "sha256:da1c15f135fca6c3298c6637c4dafda8a7d85ef6aeb47f0870e16faf0dfc7558"},
    {file = "sqlcipher3_wheels-0.5.4-cp39-cp39-musllinux_1_2_i686.whl", hash = "sha256:d71ec0c3d748238fb44f93f1eaa81e25936563f68e1e3efdf472a76f2f5cb019"},
    {file = "sqlcipher3_wheels-0.5.4-cp39-cp39-musllinux_1_2_ppc64le.whl", hash = "sha256:5dd219c467cd39f6de4018d7b0a936c4afd255ec9cf8753754ae2b86d867e770"},
    {file = "sqlcipher3_wheels-0.5.4-cp39-cp39-musllinux_1_2_s390x.whl", hash = "sha256:ca04953ab827dadb3a897eeb14ef361e7cbfa91b12d44166ceeb1ffd756ae27c"},
    {file = "sqlcipher3_wheels-0.5.4-cp39-cp39-musllinux_1_2_x86_64.whl", hash = "sha256:f2a6f552fbc6df696b665b154acaaa024a196de6e4d6beaab611419bfa266867"},
    {file = "sqlcipher3_wheels-0.5.4-cp39-cp39-win32.whl", hash = "sha256:89c5ce0586c68a0c8d92da3f700036169fc780914fd69fdab4f8c13d00b13973"},
    {file = "sqlcipher3_wheels-0.5.4-cp39-cp39-win_amd64.whl", hash = "sha256:91cdbb45f19171629386e021df4c9fe02c0888142c144cb55f243b9b5350c1ba"},
    {file = "sqlcipher3_wheels-0.5.4-cp39-cp39-win_arm64.whl", hash = "sha256:c405988129442d9e192a9cb36871645f3afe75e7e7e739e680322d80d1ad2d91"},
    {file = "sqlcipher3_wheels-0.5.4.tar.gz", hash = "sha256:228cbe2cf57642c17b8504fbeedf8b260af0f30a07eda81fb17f0112522f75cc"},
]

[metadata]
lock-version = "2.0"
python-versions = "^3.11"
content-hash = "f5c94da24c73e2d721caee2f89184ffec5a82e50e316981449fed2da0343b6a2"
